
Microsoft Visual Studio Solution File, Format Version 12.00
# Visual Studio Version 17
VisualStudioVersion = 17.0.31903.59
MinimumVisualStudioVersion = 10.0.40219.1
Project("{9A19103F-16F7-4668-BE54-9A1E7A4F7556}") = "intro-to-azure-functions-2", "..\intro-to-azure-functions-2\intro-to-azure-functions-2\intro-to-azure-functions-2.csproj", "{546F5345-F331-4031-8929-85C094C6B0F3}"
EndProject
Project("{9A19103F-16F7-4668-BE54-9A1E7A4F7556}") = "intro-to-azure-functions-3", "..\intro-to-azure-functions-3\intro-to-azure-functions-3\intro-to-azure-functions-3.csproj", "{AC1EE772-7B3C-4771-880D-0362194B4778}"
EndProject
Global
	GlobalSection(SolutionConfigurationPlatforms) = preSolution
		Debug|Any CPU = Debug|Any CPU
		Release|Any CPU = Release|Any CPU
	EndGlobalSection
	GlobalSection(ProjectConfigurationPlatforms) = postSolution
		{546F5345-F331-4031-8929-85C094C6B0F3}.Debug|Any CPU.ActiveCfg = Debug|Any CPU
		{546F5345-F331-4031-8929-85C094C6B0F3}.Debug|Any CPU.Build.0 = Debug|Any CPU
		{546F5345-F331-4031-8929-85C094C6B0F3}.Release|Any CPU.ActiveCfg = Release|Any CPU
		{546F5345-F331-4031-8929-85C094C6B0F3}.Release|Any CPU.Build.0 = Release|Any CPU
		{AC1EE772-7B3C-4771-880D-0362194B4778}.Debug|Any CPU.ActiveCfg = Debug|Any CPU
		{AC1EE772-7B3C-4771-880D-0362194B4778}.Debug|Any CPU.Build.0 = Debug|Any CPU
		{AC1EE772-7B3C-4771-880D-0362194B4778}.Release|Any CPU.ActiveCfg = Release|Any CPU
		{AC1EE772-7B3C-4771-880D-0362194B4778}.Release|Any CPU.Build.0 = Release|Any CPU
	EndGlobalSection
	GlobalSection(SolutionProperties) = preSolution
		HideSolutionNode = FALSE
	EndGlobalSection
	GlobalSection(ExtensibilityGlobals) = postSolution
		SolutionGuid = {314B3E36-0520-463F-AB1D-17ED115FC53D}
	EndGlobalSection
EndGlobal
