
Microsoft Visual Studio Solution File, Format Version 12.00
# Visual Studio Version 17
VisualStudioVersion = 17.0.31903.59
MinimumVisualStudioVersion = 10.0.40219.1
Project("{FAE04EC0-301F-11D3-BF4B-00C04F79EFBC}") = "intro-to-azure-functions-2", "..\intro-to-azure-functions-2\intro-to-azure-functions-2\intro-to-azure-functions-2.csproj", "{546F5345-F331-4031-8929-85C094C6B0F3}"
EndProject
Global
	GlobalSection(SolutionConfigurationPlatforms) = preSolution
		Debug|Any CPU = Debug|Any CPU
		Release|Any CPU = Release|Any CPU
	EndGlobalSection
	GlobalSection(ProjectConfigurationPlatforms) = postSolution
		{546F5345-F331-4031-8929-85C094C6B0F3}.Debug|Any CPU.ActiveCfg = Debug|Any CPU
		{546F5345-F331-4031-8929-85C094C6B0F3}.Debug|Any CPU.Build.0 = Debug|Any CPU
		{546F5345-F331-4031-8929-85C094C6B0F3}.Release|Any CPU.ActiveCfg = Release|Any CPU
		{546F5345-F331-4031-8929-85C094C6B0F3}.Release|Any CPU.Build.0 = Release|Any CPU
	EndGlobalSection
	GlobalSection(SolutionProperties) = preSolution
		HideSolutionNode = FALSE
	EndGlobalSection
	GlobalSection(ExtensibilityGlobals) = postSolution
		SolutionGuid = {314B3E36-0520-463F-AB1D-17ED115FC53D}
	EndGlobalSection
EndGlobal
